{
  "name": "rails8new_shopappgem_b",
  "version": "1.0.0",
  "lockfileVersion": 3,
  "requires": true,
  "packages": {
    "": {
      "name": "rails8new_shopappgem_b",
      "version": "1.0.0",
      "license": "ISC",
      "dependencies": {
        "@shopify/app-bridge": "^3.7.10",
        "@shopify/polaris-tokens": "^9.4.0",
        "stimulus": "^3.2.2"
      }
    },
    "node_modules/@hotwired/stimulus": {
      "version": "3.2.2",
      "resolved": "https://registry.npmjs.org/@hotwired/stimulus/-/stimulus-3.2.2.tgz",
      "integrity": "sha512-eGeIqNOQpXoPAIP7tC1+1Yc1yl1xnwYqg+3mzqxyrbE5pg5YFBZcA6YoTiByJB6DKAEsiWtl6tjTJS4IYtbB7A==",
      "license": "MIT"
    },
    "node_modules/@hotwired/stimulus-webpack-helpers": {
      "version": "1.0.1",
      "resolved": "https://registry.npmjs.org/@hotwired/stimulus-webpack-helpers/-/stimulus-webpack-helpers-1.0.1.tgz",
      "integrity": "sha512-wa/zupVG0eWxRYJjC1IiPBdt3Lruv0RqGN+/DTMmUWUyMAEB27KXmVY6a8YpUVTM7QwVuaLNGW4EqDgrS2upXQ==",
      "license": "MIT",
      "peerDependencies": {
        "@hotwired/stimulus": ">= 3.0"
      }
    },
    "node_modules/@shopify/app-bridge": {
      "version": "3.7.10",
      "resolved": "https://registry.npmjs.org/@shopify/app-bridge/-/app-bridge-3.7.10.tgz",
      "integrity": "sha512-zy4c05DEOkYXm1yWIe0FrI0lq6hzffIT4JWzb9XKqY5OPRNHRHg+ihDt0ZnR8eMVmYV03yStpGAITIfqOgn4TQ==",
      "license": "MIT",
      "dependencies": {
        "@shopify/app-bridge-core": "1.1.1",
        "base64url": "^3.0.1",
        "web-vitals": "^3.0.1"
      }
    },
    "node_modules/@shopify/app-bridge-core": {
      "version": "1.1.1",
      "resolved": "https://registry.npmjs.org/@shopify/app-bridge-core/-/app-bridge-core-1.1.1.tgz",
      "integrity": "sha512-kEnJUpkC9vDdmGMN3Mezq/FlDBqP+DFg/A1PFzqTW8FILu0wzFmz1aFk4Hxy6Y6ilceMmn8QXsyLA9DfaeH4jQ==",
      "license": "MIT"
    },
    "node_modules/@shopify/polaris-tokens": {
      "version": "9.4.0",
      "resolved": "https://registry.npmjs.org/@shopify/polaris-tokens/-/polaris-tokens-9.4.0.tgz",
      "integrity": "sha512-jnCNxq9+XfWP9ijkvSsgQH5o3PeYgfWo4/zymoO+AeJvyngL+4LvlZ/nofvYj9DXLo74taTk05xui9qt22Zy2Q==",
      "license": "SEE LICENSE IN LICENSE.md",
      "dependencies": {
        "deepmerge": "^4.3.1"
      },
      "engines": {
        "node": ">=20.10.0"
      }
    },
    "node_modules/base64url": {
      "version": "3.0.1",
      "resolved": "https://registry.npmjs.org/base64url/-/base64url-3.0.1.tgz",
      "integrity": "sha512-ir1UPr3dkwexU7FdV8qBBbNDRUhMmIekYMFZfi+C/sLNnRESKPl23nB9b2pltqfOQNnGzsDdId90AEtG5tCx4A==",
      "license": "MIT",
      "engines": {
        "node": ">=6.0.0"
      }
    },
    "node_modules/deepmerge": {
      "version": "4.3.1",
      "resolved": "https://registry.npmjs.org/deepmerge/-/deepmerge-4.3.1.tgz",
      "integrity": "sha512-3sUqbMEc77XqpdNO7FRyRog+eW3ph+GYCbj+rK+uYyRMuwsVy0rMiVtPn+QJlKFvWP/1PYpapqYn0Me2knFn+A==",
      "license": "MIT",
      "engines": {
        "node": ">=0.10.0"
      }
    },
    "node_modules/stimulus": {
      "version": "3.2.2",
      "resolved": "https://registry.npmjs.org/stimulus/-/stimulus-3.2.2.tgz",
      "integrity": "sha512-sEGK0ofeMuW+B2oPLTigCqxl47P9vRfZxeqzY5Hk1u0QPWS8DZhW+VOEEyngtzdHM+MutXKGBT8BkUKoA0060Q==",
      "license": "MIT",
      "dependencies": {
        "@hotwired/stimulus": "^3.2.2",
        "@hotwired/stimulus-webpack-helpers": "^1.0.0"
      }
    },
    "node_modules/web-vitals": {
      "version": "3.5.2",
      "resolved": "https://registry.npmjs.org/web-vitals/-/web-vitals-3.5.2.tgz",
      "integrity": "sha512-c0rhqNcHXRkY/ogGDJQxZ9Im9D19hDihbzSQJrsioex+KnFgmMzBiy57Z1EjkhX/+OjyBpclDCzz2ITtjokFmg==",
      "license": "Apache-2.0"
    }
  }
}
